# Generated by `dn pub get`: the first-party plugin versions this app uses.
# Commit it beside pubspec.lock. `dn pub upgrade` moves these within pubspec.yaml's constraints.
dartnative_audio: 1.0.0
dartnative_camera: 1.0.0
dartnative_compressor: 1.0.0
dartnative_connectivity: 1.0.0
dartnative_firebase: 1.0.0
dartnative_hive: 1.0.0
dartnative_image_crop: 1.0.0
dartnative_lottie: 1.0.0
dartnative_media_picker: 1.1.0
dartnative_notifications: 1.0.0
dartnative_onnxruntime: 1.6.4
dartnative_path_provider: 1.0.0
dartnative_permissions: 1.0.0
dartnative_secure_storage: 1.0.0
dartnative_shared_preferences: 1.0.0
dartnative_social_sign_in: 1.0.0
dartnative_splash: 1.0.0
dartnative_sqlite: 1.0.0
dartnative_supertonic_tts: 1.0.0
dartnative_system: 1.0.0
dartnative_video_player: 1.0.0
